
Microsoft Visual Studio Solution File, Format Version 12.00
# Visual Studio 15
VisualStudioVersion = 15.0.27703.1
MinimumVisualStudioVersion = 10.0.40219.1
Project("{FAE04EC0-301F-11D3-BF4B-00C04F79EFBC}") = "CurrencyWallet", "CurrencyWallet\CurrencyWallet.csproj", "{A2B9F531-8175-4386-9838-FE1C21EBFBD2}"
EndProject
Global
	GlobalSection(SolutionConfigurationPlatforms) = preSolution
		Debug|Any CPU = Debug|Any CPU
		Release|Any CPU = Release|Any CPU
	EndGlobalSection
	GlobalSection(ProjectConfigurationPlatforms) = postSolution
		{A2B9F531-8175-4386-9838-FE1C21EBFBD2}.Debug|Any CPU.ActiveCfg = Debug|Any CPU
		{A2B9F531-8175-4386-9838-FE1C21EBFBD2}.Debug|Any CPU.Build.0 = Debug|Any CPU
		{A2B9F531-8175-4386-9838-FE1C21EBFBD2}.Release|Any CPU.ActiveCfg = Release|Any CPU
		{A2B9F531-8175-4386-9838-FE1C21EBFBD2}.Release|Any CPU.Build.0 = Release|Any CPU
	EndGlobalSection
	GlobalSection(SolutionProperties) = preSolution
		HideSolutionNode = FALSE
	EndGlobalSection
	GlobalSection(ExtensibilityGlobals) = postSolution
		SolutionGuid = {995D235B-2595-487F-BC77-AE2422782DDB}
	EndGlobalSection
EndGlobal
